# THIS IS AN AUTOGENERATED FILE. DO NOT EDIT THIS FILE DIRECTLY.
# yarn lockfile v1


cryptr@^6.3.0:
  version "6.3.0"
  resolved "https://registry.yarnpkg.com/cryptr/-/cryptr-6.3.0.tgz#c28dce166dc9cd9ae8cba6028775f5f7334ab699"
  integrity sha512-TA4byAuorT8qooU9H8YJhBwnqD151i1rcauHfJ3Divg6HmukHB2AYMp0hmjv2873J2alr4t15QqC7zAnWFrtfQ==
